
Microsoft Visual Studio Solution File, Format Version 12.00
# Visual Studio Version 17
VisualStudioVersion = 17.11.35222.181
MinimumVisualStudioVersion = 10.0.40219.1
Project("{FAE04EC0-301F-11D3-BF4B-00C04F79EFBC}") = "Chain of Responsibility", "Chain of Responsibility\Chain of Responsibility.csproj", "{DE1287AF-3467-43D9-A5DA-1948F1A75C01}"
EndProject
Global
	GlobalSection(SolutionConfigurationPlatforms) = preSolution
		Debug|Any CPU = Debug|Any CPU
		Release|Any CPU = Release|Any CPU
	EndGlobalSection
	GlobalSection(ProjectConfigurationPlatforms) = postSolution
		{DE1287AF-3467-43D9-A5DA-1948F1A75C01}.Debug|Any CPU.ActiveCfg = Debug|Any CPU
		{DE1287AF-3467-43D9-A5DA-1948F1A75C01}.Debug|Any CPU.Build.0 = Debug|Any CPU
		{DE1287AF-3467-43D9-A5DA-1948F1A75C01}.Release|Any CPU.ActiveCfg = Release|Any CPU
		{DE1287AF-3467-43D9-A5DA-1948F1A75C01}.Release|Any CPU.Build.0 = Release|Any CPU
	EndGlobalSection
	GlobalSection(SolutionProperties) = preSolution
		HideSolutionNode = FALSE
	EndGlobalSection
	GlobalSection(ExtensibilityGlobals) = postSolution
		SolutionGuid = {62A8A094-992F-4C3C-B201-9C229B4EC05F}
	EndGlobalSection
EndGlobal
